// !$*UTF8*$!
{
	archiveVersion = 1;
	classes = {
	};
	objectVersion = 52;
	objects = {

/* Begin PBXBuildFile section */
		87380480270609AC0033ABA3 /* RateView.swift in Sources */ = {isa = PBXBuildFile; fileRef = 8738047F270609AC0033ABA3 /* RateView.swift */; };
		87380483270627A00033ABA3 /* TrailersView.swift in Sources */ = {isa = PBXBuildFile; fileRef = 87380482270627A00033ABA3 /* TrailersView.swift */; };
		87380486270629A70033ABA3 /* Trailer.swift in Sources */ = {isa = PBXBuildFile; fileRef = 87380485270629A70033ABA3 /* Trailer.swift */; };
		8738048927062D4C0033ABA3 /* WebView.swift in Sources */ = {isa = PBXBuildFile; fileRef = 8738048827062D4C0033ABA3 /* WebView.swift */; };
		873BB3BE271DE44200E05082 /* WatchList.xcdatamodeld in Sources */ = {isa = PBXBuildFile; fileRef = 873BB3BC271DE44200E05082 /* WatchList.xcdatamodeld */; };
		873BB3C1271DE51B00E05082 /* Persistance.swift in Sources */ = {isa = PBXBuildFile; fileRef = 873BB3C0271DE51B00E05082 /* Persistance.swift */; };
		873BB3C6271DE76F00E05082 /* WatchList+CoreDataClass.swift in Sources */ = {isa = PBXBuildFile; fileRef = 873BB3C4271DE76F00E05082 /* WatchList+CoreDataClass.swift */; };
		873BB3C7271DE76F00E05082 /* WatchList+CoreDataProperties.swift in Sources */ = {isa = PBXBuildFile; fileRef = 873BB3C5271DE76F00E05082 /* WatchList+CoreDataProperties.swift */; };
		873BB3CA271DE8FA00E05082 /* WatchListView.swift in Sources */ = {isa = PBXBuildFile; fileRef = 873BB3C9271DE8FA00E05082 /* WatchListView.swift */; };
		873BB3CD271DEA3D00E05082 /* AddToWatchList.swift in Sources */ = {isa = PBXBuildFile; fileRef = 873BB3CC271DEA3D00E05082 /* AddToWatchList.swift */; };
		87FAA0952702135800E19298 /* App05_TMDBApp.swift in Sources */ = {isa = PBXBuildFile; fileRef = 87FAA0942702135800E19298 /* App05_TMDBApp.swift */; };
		87FAA0972702135800E19298 /* TMDBView.swift in Sources */ = {isa = PBXBuildFile; fileRef = 87FAA0962702135800E19298 /* TMDBView.swift */; };
		87FAA0992702135900E19298 /* Assets.xcassets in Resources */ = {isa = PBXBuildFile; fileRef = 87FAA0982702135900E19298 /* Assets.xcassets */; };
		87FAA09C2702135900E19298 /* Preview Assets.xcassets in Resources */ = {isa = PBXBuildFile; fileRef = 87FAA09B2702135900E19298 /* Preview Assets.xcassets */; };
		87FAA0A72702158800E19298 /* Alamofire in Frameworks */ = {isa = PBXBuildFile; productRef = 87FAA0A62702158800E19298 /* Alamofire */; };
		87FAA0AB270215A900E19298 /* SwiftyJSON in Frameworks */ = {isa = PBXBuildFile; productRef = 87FAA0AA270215A900E19298 /* SwiftyJSON */; };
		87FAA0AF270215CB00E19298 /* Kingfisher in Frameworks */ = {isa = PBXBuildFile; productRef = 87FAA0AE270215CB00E19298 /* Kingfisher */; };
		87FAA0B32702169100E19298 /* Genre.swift in Sources */ = {isa = PBXBuildFile; fileRef = 87FAA0B22702169100E19298 /* Genre.swift */; };
		87FAA0B72702189A00E19298 /* MediaModel.swift in Sources */ = {isa = PBXBuildFile; fileRef = 87FAA0B62702189A00E19298 /* MediaModel.swift */; };
		87FAA0BA27021A2700E19298 /* TMDBLogin.swift in Sources */ = {isa = PBXBuildFile; fileRef = 87FAA0B927021A2700E19298 /* TMDBLogin.swift */; };
		87FAA0BD2702294E00E19298 /* MoviesView.swift in Sources */ = {isa = PBXBuildFile; fileRef = 87FAA0BC2702294E00E19298 /* MoviesView.swift */; };
		87FAA0C02702296300E19298 /* SeriesView.swift in Sources */ = {isa = PBXBuildFile; fileRef = 87FAA0BF2702296300E19298 /* SeriesView.swift */; };
		87FAA0C327022B3500E19298 /* Media.swift in Sources */ = {isa = PBXBuildFile; fileRef = 87FAA0C227022B3500E19298 /* Media.swift */; };
		87FAA0C62702367800E19298 /* MediaRowView.swift in Sources */ = {isa = PBXBuildFile; fileRef = 87FAA0C52702367800E19298 /* MediaRowView.swift */; };
		87FAA0C9270238B500E19298 /* MediaDetailView.swift in Sources */ = {isa = PBXBuildFile; fileRef = 87FAA0C8270238B500E19298 /* MediaDetailView.swift */; };
/* End PBXBuildFile section */

/* Begin PBXFileReference section */
		8738047F270609AC0033ABA3 /* RateView.swift */ = {isa = PBXFileReference; lastKnownFileType = sourcecode.swift; path = RateView.swift; sourceTree = "<group>"; };
		87380482270627A00033ABA3 /* TrailersView.swift */ = {isa = PBXFileReference; lastKnownFileType = sourcecode.swift; path = TrailersView.swift; sourceTree = "<group>"; };
		87380485270629A70033ABA3 /* Trailer.swift */ = {isa = PBXFileReference; lastKnownFileType = sourcecode.swift; path = Trailer.swift; sourceTree = "<group>"; };
		8738048827062D4C0033ABA3 /* WebView.swift */ = {isa = PBXFileReference; lastKnownFileType = sourcecode.swift; path = WebView.swift; sourceTree = "<group>"; };
		873BB3BD271DE44200E05082 /* WatchList.xcdatamodel */ = {isa = PBXFileReference; lastKnownFileType = wrapper.xcdatamodel; path = WatchList.xcdatamodel; sourceTree = "<group>"; };
		873BB3C0271DE51B00E05082 /* Persistance.swift */ = {isa = PBXFileReference; lastKnownFileType = sourcecode.swift; path = Persistance.swift; sourceTree = "<group>"; };
		873BB3C4271DE76F00E05082 /* WatchList+CoreDataClass.swift */ = {isa = PBXFileReference; lastKnownFileType = sourcecode.swift; path = "WatchList+CoreDataClass.swift"; sourceTree = "<group>"; };
		873BB3C5271DE76F00E05082 /* WatchList+CoreDataProperties.swift */ = {isa = PBXFileReference; lastKnownFileType = sourcecode.swift; path = "WatchList+CoreDataProperties.swift"; sourceTree = "<group>"; };
		873BB3C9271DE8FA00E05082 /* WatchListView.swift */ = {isa = PBXFileReference; lastKnownFileType = sourcecode.swift; path = WatchListView.swift; sourceTree = "<group>"; };
		873BB3CC271DEA3D00E05082 /* AddToWatchList.swift */ = {isa = PBXFileReference; lastKnownFileType = sourcecode.swift; path = AddToWatchList.swift; sourceTree = "<group>"; };
		87FAA0912702135800E19298 /* App05-TMDB.app */ = {isa = PBXFileReference; explicitFileType = wrapper.application; includeInIndex = 0; path = "App05-TMDB.app"; sourceTree = BUILT_PRODUCTS_DIR; };
		87FAA0942702135800E19298 /* App05_TMDBApp.swift */ = {isa = PBXFileReference; lastKnownFileType = sourcecode.swift; path = App05_TMDBApp.swift; sourceTree = "<group>"; };
		87FAA0962702135800E19298 /* TMDBView.swift */ = {isa = PBXFileReference; lastKnownFileType = sourcecode.swift; path = TMDBView.swift; sourceTree = "<group>"; };
		87FAA0982702135900E19298 /* Assets.xcassets */ = {isa = PBXFileReference; lastKnownFileType = folder.assetcatalog; path = Assets.xcassets; sourceTree = "<group>"; };
		87FAA09B2702135900E19298 /* Preview Assets.xcassets */ = {isa = PBXFileReference; lastKnownFileType = folder.assetcatalog; path = "Preview Assets.xcassets"; sourceTree = "<group>"; };
		87FAA09D2702135900E19298 /* Info.plist */ = {isa = PBXFileReference; lastKnownFileType = text.plist.xml; path = Info.plist; sourceTree = "<group>"; };
		87FAA0B22702169100E19298 /* Genre.swift */ = {isa = PBXFileReference; lastKnownFileType = sourcecode.swift; path = Genre.swift; sourceTree = "<group>"; };
		87FAA0B62702189A00E19298 /* MediaModel.swift */ = {isa = PBXFileReference; lastKnownFileType = sourcecode.swift; path = MediaModel.swift; sourceTree = "<group>"; };
		87FAA0B927021A2700E19298 /* TMDBLogin.swift */ = {isa = PBXFileReference; lastKnownFileType = sourcecode.swift; path = TMDBLogin.swift; sourceTree = "<group>"; };
		87FAA0BC2702294E00E19298 /* MoviesView.swift */ = {isa = PBXFileReference; lastKnownFileType = sourcecode.swift; path = MoviesView.swift; sourceTree = "<group>"; };
		87FAA0BF2702296300E19298 /* SeriesView.swift */ = {isa = PBXFileReference; lastKnownFileType = sourcecode.swift; path = SeriesView.swift; sourceTree = "<group>"; };
		87FAA0C227022B3500E19298 /* Media.swift */ = {isa = PBXFileReference; lastKnownFileType = sourcecode.swift; path = Media.swift; sourceTree = "<group>"; };
		87FAA0C52702367800E19298 /* MediaRowView.swift */ = {isa = PBXFileReference; lastKnownFileType = sourcecode.swift; path = MediaRowView.swift; sourceTree = "<group>"; };
		87FAA0C8270238B500E19298 /* MediaDetailView.swift */ = {isa = PBXFileReference; lastKnownFileType = sourcecode.swift; path = MediaDetailView.swift; sourceTree = "<group>"; };
/* End PBXFileReference section */

/* Begin PBXFrameworksBuildPhase section */
		87FAA08E2702135800E19298 /* Frameworks */ = {
			isa = PBXFrameworksBuildPhase;
			buildActionMask = 2147483647;
			files = (
				87FAA0AF270215CB00E19298 /* Kingfisher in Frameworks */,
				87FAA0AB270215A900E19298 /* SwiftyJSON in Frameworks */,
				87FAA0A72702158800E19298 /* Alamofire in Frameworks */,
			);
			runOnlyForDeploymentPostprocessing = 0;
		};
/* End PBXFrameworksBuildPhase section */

/* Begin PBXGroup section */
		87FAA0882702135800E19298 = {
			isa = PBXGroup;
			children = (
				87FAA0932702135800E19298 /* App05-TMDB */,
				87FAA0922702135800E19298 /* Products */,
			);
			sourceTree = "<group>";
		};
		87FAA0922702135800E19298 /* Products */ = {
			isa = PBXGroup;
			children = (
				87FAA0912702135800E19298 /* App05-TMDB.app */,
			);
			name = Products;
			sourceTree = "<group>";
		};
		87FAA0932702135800E19298 /* App05-TMDB */ = {
			isa = PBXGroup;
			children = (
				87FAA0B12702166200E19298 /* Models */,
				87FAA0942702135800E19298 /* App05_TMDBApp.swift */,
				87FAA0962702135800E19298 /* TMDBView.swift */,
				87FAA0982702135900E19298 /* Assets.xcassets */,
				87FAA09D2702135900E19298 /* Info.plist */,
				87FAA09A2702135900E19298 /* Preview Content */,
				87FAA0B927021A2700E19298 /* TMDBLogin.swift */,
				87FAA0BC2702294E00E19298 /* MoviesView.swift */,
				87FAA0C8270238B500E19298 /* MediaDetailView.swift */,
				87380482270627A00033ABA3 /* TrailersView.swift */,
				8738048827062D4C0033ABA3 /* WebView.swift */,
				87FAA0C52702367800E19298 /* MediaRowView.swift */,
				873BB3CC271DEA3D00E05082 /* AddToWatchList.swift */,
				8738047F270609AC0033ABA3 /* RateView.swift */,
				87FAA0BF2702296300E19298 /* SeriesView.swift */,
				873BB3C9271DE8FA00E05082 /* WatchListView.swift */,
			);
			path = "App05-TMDB";
			sourceTree = "<group>";
		};
		87FAA09A2702135900E19298 /* Preview Content */ = {
			isa = PBXGroup;
			children = (
				87FAA09B2702135900E19298 /* Preview Assets.xcassets */,
			);
			path = "Preview Content";
			sourceTree = "<group>";
		};
		87FAA0B12702166200E19298 /* Models */ = {
			isa = PBXGroup;
			children = (
				873BB3C4271DE76F00E05082 /* WatchList+CoreDataClass.swift */,
				873BB3C5271DE76F00E05082 /* WatchList+CoreDataProperties.swift */,
				87FAA0B22702169100E19298 /* Genre.swift */,
				87FAA0B62702189A00E19298 /* MediaModel.swift */,
				87FAA0C227022B3500E19298 /* Media.swift */,
				87380485270629A70033ABA3 /* Trailer.swift */,
				873BB3BC271DE44200E05082 /* WatchList.xcdatamodeld */,
				873BB3C0271DE51B00E05082 /* Persistance.swift */,
			);
			path = Models;
			sourceTree = "<group>";
		};
/* End PBXGroup section */

/* Begin PBXNativeTarget section */
		87FAA0902702135800E19298 /* App05-TMDB */ = {
			isa = PBXNativeTarget;
			buildConfigurationList = 87FAA0A02702135900E19298 /* Build configuration list for PBXNativeTarget "App05-TMDB" */;
			buildPhases = (
				87FAA08D2702135800E19298 /* Sources */,
				87FAA08E2702135800E19298 /* Frameworks */,
				87FAA08F2702135800E19298 /* Resources */,
			);
			buildRules = (
			);
			dependencies = (
			);
			name = "App05-TMDB";
			packageProductDependencies = (
				87FAA0A62702158800E19298 /* Alamofire */,
				87FAA0AA270215A900E19298 /* SwiftyJSON */,
				87FAA0AE270215CB00E19298 /* Kingfisher */,
			);
			productName = "App05-TMDB";
			productReference = 87FAA0912702135800E19298 /* App05-TMDB.app */;
			productType = "com.apple.product-type.application";
		};
/* End PBXNativeTarget section */

/* Begin PBXProject section */
		87FAA0892702135800E19298 /* Project object */ = {
			isa = PBXProject;
			attributes = {
				LastSwiftUpdateCheck = 1240;
				LastUpgradeCheck = 1240;
				TargetAttributes = {
					87FAA0902702135800E19298 = {
						CreatedOnToolsVersion = 12.4;
					};
				};
			};
			buildConfigurationList = 87FAA08C2702135800E19298 /* Build configuration list for PBXProject "App05-TMDB" */;
			compatibilityVersion = "Xcode 9.3";
			developmentRegion = en;
			hasScannedForEncodings = 0;
			knownRegions = (
				en,
				Base,
			);
			mainGroup = 87FAA0882702135800E19298;
			packageReferences = (
				87FAA0A52702158800E19298 /* XCRemoteSwiftPackageReference "Alamofire" */,
				87FAA0A9270215A900E19298 /* XCRemoteSwiftPackageReference "SwiftyJSON" */,
				87FAA0AD270215CB00E19298 /* XCRemoteSwiftPackageReference "Kingfisher" */,
			);
			productRefGroup = 87FAA0922702135800E19298 /* Products */;
			projectDirPath = "";
			projectRoot = "";
			targets = (
				87FAA0902702135800E19298 /* App05-TMDB */,
			);
		};
/* End PBXProject section */

/* Begin PBXResourcesBuildPhase section */
		87FAA08F2702135800E19298 /* Resources */ = {
			isa = PBXResourcesBuildPhase;
			buildActionMask = 2147483647;
			files = (
				87FAA09C2702135900E19298 /* Preview Assets.xcassets in Resources */,
				87FAA0992702135900E19298 /* Assets.xcassets in Resources */,
			);
			runOnlyForDeploymentPostprocessing = 0;
		};
/* End PBXResourcesBuildPhase section */

/* Begin PBXSourcesBuildPhase section */
		87FAA08D2702135800E19298 /* Sources */ = {
			isa = PBXSourcesBuildPhase;
			buildActionMask = 2147483647;
			files = (
				87FAA0B72702189A00E19298 /* MediaModel.swift in Sources */,
				87FAA0BD2702294E00E19298 /* MoviesView.swift in Sources */,
				87380486270629A70033ABA3 /* Trailer.swift in Sources */,
				87FAA0B32702169100E19298 /* Genre.swift in Sources */,
				87380480270609AC0033ABA3 /* RateView.swift in Sources */,
				873BB3C6271DE76F00E05082 /* WatchList+CoreDataClass.swift in Sources */,
				873BB3CD271DEA3D00E05082 /* AddToWatchList.swift in Sources */,
				87FAA0972702135800E19298 /* TMDBView.swift in Sources */,
				87FAA0952702135800E19298 /* App05_TMDBApp.swift in Sources */,
				87380483270627A00033ABA3 /* TrailersView.swift in Sources */,
				873BB3CA271DE8FA00E05082 /* WatchListView.swift in Sources */,
				873BB3C7271DE76F00E05082 /* WatchList+CoreDataProperties.swift in Sources */,
				87FAA0BA27021A2700E19298 /* TMDBLogin.swift in Sources */,
				87FAA0C327022B3500E19298 /* Media.swift in Sources */,
				87FAA0C62702367800E19298 /* MediaRowView.swift in Sources */,
				87FAA0C9270238B500E19298 /* MediaDetailView.swift in Sources */,
				873BB3BE271DE44200E05082 /* WatchList.xcdatamodeld in Sources */,
				873BB3C1271DE51B00E05082 /* Persistance.swift in Sources */,
				87FAA0C02702296300E19298 /* SeriesView.swift in Sources */,
				8738048927062D4C0033ABA3 /* WebView.swift in Sources */,
			);
			runOnlyForDeploymentPostprocessing = 0;
		};
/* End PBXSourcesBuildPhase section */

/* Begin XCBuildConfiguration section */
		87FAA09E2702135900E19298 /* Debug */ = {
			isa = XCBuildConfiguration;
			buildSettings = {
				ALWAYS_SEARCH_USER_PATHS = NO;
				CLANG_ANALYZER_NONNULL = YES;
				CLANG_ANALYZER_NUMBER_OBJECT_CONVERSION = YES_AGGRESSIVE;
				CLANG_CXX_LANGUAGE_STANDARD = "gnu++14";
				CLANG_CXX_LIBRARY = "libc++";
				CLANG_ENABLE_MODULES = YES;
				CLANG_ENABLE_OBJC_ARC = YES;
				CLANG_ENABLE_OBJC_WEAK = YES;
				CLANG_WARN_BLOCK_CAPTURE_AUTORELEASING = YES;
				CLANG_WARN_BOOL_CONVERSION = YES;
				CLANG_WARN_COMMA = YES;
				CLANG_WARN_CONSTANT_CONVERSION = YES;
				CLANG_WARN_DEPRECATED_OBJC_IMPLEMENTATIONS = YES;
				CLANG_WARN_DIRECT_OBJC_ISA_USAGE = YES_ERROR;
				CLANG_WARN_DOCUMENTATION_COMMENTS = YES;
				CLANG_WARN_EMPTY_BODY = YES;
				CLANG_WARN_ENUM_CONVERSION = YES;
				CLANG_WARN_INFINITE_RECURSION = YES;
				CLANG_WARN_INT_CONVERSION = YES;
				CLANG_WARN_NON_LITERAL_NULL_CONVERSION = YES;
				CLANG_WARN_OBJC_IMPLICIT_RETAIN_SELF = YES;
				CLANG_WARN_OBJC_LITERAL_CONVERSION = YES;
				CLANG_WARN_OBJC_ROOT_CLASS = YES_ERROR;
				CLANG_WARN_QUOTED_INCLUDE_IN_FRAMEWORK_HEADER = YES;
				CLANG_WARN_RANGE_LOOP_ANALYSIS = YES;
				CLANG_WARN_STRICT_PROTOTYPES = YES;
				CLANG_WARN_SUSPICIOUS_MOVE = YES;
				CLANG_WARN_UNGUARDED_AVAILABILITY = YES_AGGRESSIVE;
				CLANG_WARN_UNREACHABLE_CODE = YES;
				CLANG_WARN__DUPLICATE_METHOD_MATCH = YES;
				COPY_PHASE_STRIP = NO;
				DEBUG_INFORMATION_FORMAT = dwarf;
				ENABLE_STRICT_OBJC_MSGSEND = YES;
				ENABLE_TESTABILITY = YES;
				GCC_C_LANGUAGE_STANDARD = gnu11;
				GCC_DYNAMIC_NO_PIC = NO;
				GCC_NO_COMMON_BLOCKS = YES;
				GCC_OPTIMIZATION_LEVEL = 0;
				GCC_PREPROCESSOR_DEFINITIONS = (
					"DEBUG=1",
					"$(inherited)",
				);
				GCC_WARN_64_TO_32_BIT_CONVERSION = YES;
				GCC_WARN_ABOUT_RETURN_TYPE = YES_ERROR;
				GCC_WARN_UNDECLARED_SELECTOR = YES;
				GCC_WARN_UNINITIALIZED_AUTOS = YES_AGGRESSIVE;
				GCC_WARN_UNUSED_FUNCTION = YES;
				GCC_WARN_UNUSED_VARIABLE = YES;
				IPHONEOS_DEPLOYMENT_TARGET = 14.4;
				MTL_ENABLE_DEBUG_INFO = INCLUDE_SOURCE;
				MTL_FAST_MATH = YES;
				ONLY_ACTIVE_ARCH = YES;
				SDKROOT = iphoneos;
				SWIFT_ACTIVE_COMPILATION_CONDITIONS = DEBUG;
				SWIFT_OPTIMIZATION_LEVEL = "-Onone";
			};
			name = Debug;
		};
		87FAA09F2702135900E19298 /* Release */ = {
			isa = XCBuildConfiguration;
			buildSettings = {
				ALWAYS_SEARCH_USER_PATHS = NO;
				CLANG_ANALYZER_NONNULL = YES;
				CLANG_ANALYZER_NUMBER_OBJECT_CONVERSION = YES_AGGRESSIVE;
				CLANG_CXX_LANGUAGE_STANDARD = "gnu++14";
				CLANG_CXX_LIBRARY = "libc++";
				CLANG_ENABLE_MODULES = YES;
				CLANG_ENABLE_OBJC_ARC = YES;
				CLANG_ENABLE_OBJC_WEAK = YES;
				CLANG_WARN_BLOCK_CAPTURE_AUTORELEASING = YES;
				CLANG_WARN_BOOL_CONVERSION = YES;
				CLANG_WARN_COMMA = YES;
				CLANG_WARN_CONSTANT_CONVERSION = YES;
				CLANG_WARN_DEPRECATED_OBJC_IMPLEMENTATIONS = YES;
				CLANG_WARN_DIRECT_OBJC_ISA_USAGE = YES_ERROR;
				CLANG_WARN_DOCUMENTATION_COMMENTS = YES;
				CLANG_WARN_EMPTY_BODY = YES;
				CLANG_WARN_ENUM_CONVERSION = YES;
				CLANG_WARN_INFINITE_RECURSION = YES;
				CLANG_WARN_INT_CONVERSION = YES;
				CLANG_WARN_NON_LITERAL_NULL_CONVERSION = YES;
				CLANG_WARN_OBJC_IMPLICIT_RETAIN_SELF = YES;
				CLANG_WARN_OBJC_LITERAL_CONVERSION = YES;
				CLANG_WARN_OBJC_ROOT_CLASS = YES_ERROR;
				CLANG_WARN_QUOTED_INCLUDE_IN_FRAMEWORK_HEADER = YES;
				CLANG_WARN_RANGE_LOOP_ANALYSIS = YES;
				CLANG_WARN_STRICT_PROTOTYPES = YES;
				CLANG_WARN_SUSPICIOUS_MOVE = YES;
				CLANG_WARN_UNGUARDED_AVAILABILITY = YES_AGGRESSIVE;
				CLANG_WARN_UNREACHABLE_CODE = YES;
				CLANG_WARN__DUPLICATE_METHOD_MATCH = YES;
				COPY_PHASE_STRIP = NO;
				DEBUG_INFORMATION_FORMAT = "dwarf-with-dsym";
				ENABLE_NS_ASSERTIONS = NO;
				ENABLE_STRICT_OBJC_MSGSEND = YES;
				GCC_C_LANGUAGE_STANDARD = gnu11;
				GCC_NO_COMMON_BLOCKS = YES;
				GCC_WARN_64_TO_32_BIT_CONVERSION = YES;
				GCC_WARN_ABOUT_RETURN_TYPE = YES_ERROR;
				GCC_WARN_UNDECLARED_SELECTOR = YES;
				GCC_WARN_UNINITIALIZED_AUTOS = YES_AGGRESSIVE;
				GCC_WARN_UNUSED_FUNCTION = YES;
				GCC_WARN_UNUSED_VARIABLE = YES;
				IPHONEOS_DEPLOYMENT_TARGET = 14.4;
				MTL_ENABLE_DEBUG_INFO = NO;
				MTL_FAST_MATH = YES;
				SDKROOT = iphoneos;
				SWIFT_COMPILATION_MODE = wholemodule;
				SWIFT_OPTIMIZATION_LEVEL = "-O";
				VALIDATE_PRODUCT = YES;
			};
			name = Release;
		};
		87FAA0A12702135900E19298 /* Debug */ = {
			isa = XCBuildConfiguration;
			buildSettings = {
				ASSETCATALOG_COMPILER_APPICON_NAME = AppIcon;
				ASSETCATALOG_COMPILER_GLOBAL_ACCENT_COLOR_NAME = AccentColor;
				CODE_SIGN_STYLE = Automatic;
				DEVELOPMENT_ASSET_PATHS = "\"App05-TMDB/Preview Content\"";
				DEVELOPMENT_TEAM = SCUSZS6PXL;
				ENABLE_PREVIEWS = YES;
				INFOPLIST_FILE = "App05-TMDB/Info.plist";
				IPHONEOS_DEPLOYMENT_TARGET = 14.0;
				LD_RUNPATH_SEARCH_PATHS = (
					"$(inherited)",
					"@executable_path/Frameworks",
				);
				PRODUCT_BUNDLE_IDENTIFIER = "A00828702.App05-TMDB";
				PRODUCT_NAME = "$(TARGET_NAME)";
				SWIFT_VERSION = 5.0;
				TARGETED_DEVICE_FAMILY = "1,2";
			};
			name = Debug;
		};
		87FAA0A22702135900E19298 /* Release */ = {
			isa = XCBuildConfiguration;
			buildSettings = {
				ASSETCATALOG_COMPILER_APPICON_NAME = AppIcon;
				ASSETCATALOG_COMPILER_GLOBAL_ACCENT_COLOR_NAME = AccentColor;
				CODE_SIGN_STYLE = Automatic;
				DEVELOPMENT_ASSET_PATHS = "\"App05-TMDB/Preview Content\"";
				DEVELOPMENT_TEAM = SCUSZS6PXL;
				ENABLE_PREVIEWS = YES;
				INFOPLIST_FILE = "App05-TMDB/Info.plist";
				IPHONEOS_DEPLOYMENT_TARGET = 14.0;
				LD_RUNPATH_SEARCH_PATHS = (
					"$(inherited)",
					"@executable_path/Frameworks",
				);
				PRODUCT_BUNDLE_IDENTIFIER = "A00828702.App05-TMDB";
				PRODUCT_NAME = "$(TARGET_NAME)";
				SWIFT_VERSION = 5.0;
				TARGETED_DEVICE_FAMILY = "1,2";
			};
			name = Release;
		};
/* End XCBuildConfiguration section */

/* Begin XCConfigurationList section */
		87FAA08C2702135800E19298 /* Build configuration list for PBXProject "App05-TMDB" */ = {
			isa = XCConfigurationList;
			buildConfigurations = (
				87FAA09E2702135900E19298 /* Debug */,
				87FAA09F2702135900E19298 /* Release */,
			);
			defaultConfigurationIsVisible = 0;
			defaultConfigurationName = Release;
		};
		87FAA0A02702135900E19298 /* Build configuration list for PBXNativeTarget "App05-TMDB" */ = {
			isa = XCConfigurationList;
			buildConfigurations = (
				87FAA0A12702135900E19298 /* Debug */,
				87FAA0A22702135900E19298 /* Release */,
			);
			defaultConfigurationIsVisible = 0;
			defaultConfigurationName = Release;
		};
/* End XCConfigurationList section */

/* Begin XCRemoteSwiftPackageReference section */
		87FAA0A52702158800E19298 /* XCRemoteSwiftPackageReference "Alamofire" */ = {
			isa = XCRemoteSwiftPackageReference;
			repositoryURL = "https://github.com/Alamofire/Alamofire.git";
			requirement = {
				kind = upToNextMajorVersion;
				minimumVersion = 5.4.4;
			};
		};
		87FAA0A9270215A900E19298 /* XCRemoteSwiftPackageReference "SwiftyJSON" */ = {
			isa = XCRemoteSwiftPackageReference;
			repositoryURL = "https://github.com/SwiftyJSON/SwiftyJSON.git";
			requirement = {
				kind = upToNextMajorVersion;
				minimumVersion = 5.0.1;
			};
		};
		87FAA0AD270215CB00E19298 /* XCRemoteSwiftPackageReference "Kingfisher" */ = {
			isa = XCRemoteSwiftPackageReference;
			repositoryURL = "https://github.com/onevcat/Kingfisher.git";
			requirement = {
				kind = upToNextMajorVersion;
				minimumVersion = 7.0.0;
			};
		};
/* End XCRemoteSwiftPackageReference section */

/* Begin XCSwiftPackageProductDependency section */
		87FAA0A62702158800E19298 /* Alamofire */ = {
			isa = XCSwiftPackageProductDependency;
			package = 87FAA0A52702158800E19298 /* XCRemoteSwiftPackageReference "Alamofire" */;
			productName = Alamofire;
		};
		87FAA0AA270215A900E19298 /* SwiftyJSON */ = {
			isa = XCSwiftPackageProductDependency;
			package = 87FAA0A9270215A900E19298 /* XCRemoteSwiftPackageReference "SwiftyJSON" */;
			productName = SwiftyJSON;
		};
		87FAA0AE270215CB00E19298 /* Kingfisher */ = {
			isa = XCSwiftPackageProductDependency;
			package = 87FAA0AD270215CB00E19298 /* XCRemoteSwiftPackageReference "Kingfisher" */;
			productName = Kingfisher;
		};
/* End XCSwiftPackageProductDependency section */

/* Begin XCVersionGroup section */
		873BB3BC271DE44200E05082 /* WatchList.xcdatamodeld */ = {
			isa = XCVersionGroup;
			children = (
				873BB3BD271DE44200E05082 /* WatchList.xcdatamodel */,
			);
			currentVersion = 873BB3BD271DE44200E05082 /* WatchList.xcdatamodel */;
			path = WatchList.xcdatamodeld;
			sourceTree = "<group>";
			versionGroupType = wrapper.xcdatamodel;
		};
/* End XCVersionGroup section */
	};
	rootObject = 87FAA0892702135800E19298 /* Project object */;
}
